<?xml version="1.0" encoding="utf-8"?>
<Project ToolsVersion="4.0" xmlns="http://schemas.microsoft.com/developer/msbuild/2003">
  <ItemGroup>
    <Filter Include="Archivos de origen">
      <UniqueIdentifier>{4FC737F1-C7A5-4376-A066-2A32D752A2FF}</UniqueIdentifier>
      <Extensions>cpp;c;cc;cxx;c++;cppm;ixx;def;odl;idl;hpj;bat;asm;asmx</Extensions>
    </Filter>
    <Filter Include="Archivos de encabezado">
      <UniqueIdentifier>{93995380-89BD-4b04-88EB-625FBE52EBFB}</UniqueIdentifier>
      <Extensions>h;hh;hpp;hxx;h++;hm;inl;inc;ipp;xsd</Extensions>
    </Filter>
    <Filter Include="Archivos de recursos">
      <UniqueIdentifier>{67DA6AB6-F800-4c08-8B7A-83BB121AAD01}</UniqueIdentifier>
      <Extensions>rc;ico;cur;bmp;dlg;rc2;rct;bin;rgs;gif;jpg;jpeg;jpe;resx;tiff;tif;png;wav;mfcribbon-ms</Extensions>
    </Filter>
  </ItemGroup>
  <ItemGroup>
    <ClCompile Include="S.W.A.G\main.cpp">
      <Filter>Archivos de origen</Filter>
    </ClCompile>
    <ClCompile Include="S.W.A.G\source\Entities\Grass\BaseState\GrassBaseState.cpp">
      <Filter>Archivos de origen</Filter>
    </ClCompile>
    <ClCompile Include="S.W.A.G\source\Entities\Grass\States\GrassStates.cpp">
      <Filter>Archivos de origen</Filter>
    </ClCompile>
    <ClCompile Include="S.W.A.G\source\Entities\Grass\GrassStateMachine.cpp">
      <Filter>Archivos de origen</Filter>
    </ClCompile>
    <ClCompile Include="S.W.A.G\source\Entities\Sheep\BaseState\SheepBaseState.cpp">
      <Filter>Archivos de origen</Filter>
    </ClCompile>
    <ClCompile Include="S.W.A.G\source\Entities\Sheep\States\SheepStates.cpp">
      <Filter>Archivos de origen</Filter>
    </ClCompile>
    <ClCompile Include="S.W.A.G\source\Entities\Sheep\SheepStateMachine.cpp">
      <Filter>Archivos de origen</Filter>
    </ClCompile>
    <ClCompile Include="S.W.A.G\source\Entities\Wolf\BaseState\WolfBaseState.cpp">
      <Filter>Archivos de origen</Filter>
    </ClCompile>
    <ClCompile Include="S.W.A.G\source\Entities\Wolf\States\WolfStates.cpp">
      <Filter>Archivos de origen</Filter>
    </ClCompile>
    <ClCompile Include="S.W.A.G\source\Entities\Wolf\WolfStateMachine.cpp">
      <Filter>Archivos de origen</Filter>
    </ClCompile>
    <ClCompile Include="S.W.A.G\source\Entities\Entity.cpp">
      <Filter>Archivos de origen</Filter>
    </ClCompile>
    <ClCompile Include="S.W.A.G\source\Simulation\Simulation.cpp">
      <Filter>Archivos de origen</Filter>
    </ClCompile>
    <ClCompile Include="S.W.A.G\source\Utility\RuntimeConfig.cpp">
      <Filter>Archivos de origen</Filter>
    </ClCompile>
    <ClCompile Include="S.W.A.G\source\Utility\StateMachine.cpp">
      <Filter>Archivos de origen</Filter>
    </ClCompile>
    <ClCompile Include="S.W.A.G\source\Utility\WindowUtils.cpp">
      <Filter>Archivos de origen</Filter>
    </ClCompile>
    <ClCompile Include="S.W.A.G\source\vendor\ImGUI\imgui.cpp">
      <Filter>Archivos de origen</Filter>
    </ClCompile>
    <ClCompile Include="S.W.A.G\source\vendor\ImGUI\imgui_demo.cpp">
      <Filter>Archivos de origen</Filter>
    </ClCompile>
    <ClCompile Include="S.W.A.G\source\vendor\ImGUI\imgui_draw.cpp">
      <Filter>Archivos de origen</Filter>
    </ClCompile>
    <ClCompile Include="S.W.A.G\source\vendor\ImGUI\imgui_tables.cpp">
      <Filter>Archivos de origen</Filter>
    </ClCompile>
    <ClCompile Include="S.W.A.G\source\vendor\ImGUI\imgui_widgets.cpp">
      <Filter>Archivos de origen</Filter>
    </ClCompile>
    <ClCompile Include="S.W.A.G\source\vendor\ImGUI\rlImGui.cpp">
      <Filter>Archivos de origen</Filter>
    </ClCompile>
    <ClCompile Include="S.W.A.G\source\World\World.cpp">
      <Filter>Archivos de origen</Filter>
    </ClCompile>
  </ItemGroup>
  <ItemGroup>
    <ClInclude Include="S.W.A.G\include\Entities\Grass\BaseState\GrassBaseState.h">
      <Filter>Archivos de encabezado</Filter>
    </ClInclude>
    <ClInclude Include="S.W.A.G\include\Entities\Grass\States\GrassStates.h">
      <Filter>Archivos de encabezado</Filter>
    </ClInclude>
    <ClInclude Include="S.W.A.G\include\Entities\Grass\GrassStateMachine.h">
      <Filter>Archivos de encabezado</Filter>
    </ClInclude>
    <ClInclude Include="S.W.A.G\include\Entities\Sheep\BaseState\SheepBaseState.h">
      <Filter>Archivos de encabezado</Filter>
    </ClInclude>
    <ClInclude Include="S.W.A.G\include\Entities\Sheep\States\SheepStates.h">
      <Filter>Archivos de encabezado</Filter>
    </ClInclude>
    <ClInclude Include="S.W.A.G\include\Entities\Sheep\SheepStateMachine.h">
      <Filter>Archivos de encabezado</Filter>
    </ClInclude>
    <ClInclude Include="S.W.A.G\include\Entities\Wolf\BaseState\WolfBaseState.h">
      <Filter>Archivos de encabezado</Filter>
    </ClInclude>
    <ClInclude Include="S.W.A.G\include\Entities\Wolf\States\WolfStates.h">
      <Filter>Archivos de encabezado</Filter>
    </ClInclude>
    <ClInclude Include="S.W.A.G\include\Entities\Wolf\WolfStateMachine.h">
      <Filter>Archivos de encabezado</Filter>
    </ClInclude>
    <ClInclude Include="S.W.A.G\include\Entities\Entity.h">
      <Filter>Archivos de encabezado</Filter>
    </ClInclude>
    <ClInclude Include="S.W.A.G\include\Simulation\Simulation.h">
      <Filter>Archivos de encabezado</Filter>
    </ClInclude>
    <ClInclude Include="S.W.A.G\include\Utility\CoordinateUtils.h">
      <Filter>Archivos de encabezado</Filter>
    </ClInclude>
    <ClInclude Include="S.W.A.G\include\Utility\SimulationConfig.h">
      <Filter>Archivos de encabezado</Filter>
    </ClInclude>
    <ClInclude Include="S.W.A.G\include\Utility\State.h">
      <Filter>Archivos de encabezado</Filter>
    </ClInclude>
    <ClInclude Include="S.W.A.G\include\Utility\StateMachine.h">
      <Filter>Archivos de encabezado</Filter>
    </ClInclude>
    <ClInclude Include="S.W.A.G\include\Utility\TestingConfig.h">
      <Filter>Archivos de encabezado</Filter>
    </ClInclude>
    <ClInclude Include="S.W.A.G\include\Utility\ValueConfig.h">
      <Filter>Archivos de encabezado</Filter>
    </ClInclude>
    <ClInclude Include="S.W.A.G\include\Utility\WindowUtils.h">
      <Filter>Archivos de encabezado</Filter>
    </ClInclude>
    <ClInclude Include="S.W.A.G\include\vendor\imGUI\FA6FreeSolidFontData.h">
      <Filter>Archivos de encabezado</Filter>
    </ClInclude>
    <ClInclude Include="S.W.A.G\include\vendor\imGUI\IconsFontAwesome6.h">
      <Filter>Archivos de encabezado</Filter>
    </ClInclude>
    <ClInclude Include="S.W.A.G\include\vendor\imGUI\imconfig.h">
      <Filter>Archivos de encabezado</Filter>
    </ClInclude>
    <ClInclude Include="S.W.A.G\include\vendor\imGUI\imgui.h">
      <Filter>Archivos de encabezado</Filter>
    </ClInclude>
    <ClInclude Include="S.W.A.G\include\vendor\imGUI\imgui_impl_raylib.h">
      <Filter>Archivos de encabezado</Filter>
    </ClInclude>
    <ClInclude Include="S.W.A.G\include\vendor\imGUI\imgui_internal.h">
      <Filter>Archivos de encabezado</Filter>
    </ClInclude>
    <ClInclude Include="S.W.A.G\include\vendor\imGUI\imstb_rectpack.h">
      <Filter>Archivos de encabezado</Filter>
    </ClInclude>
    <ClInclude Include="S.W.A.G\include\vendor\imGUI\imstb_textedit.h">
      <Filter>Archivos de encabezado</Filter>
    </ClInclude>
    <ClInclude Include="S.W.A.G\include\vendor\imGUI\imstb_truetype.h">
      <Filter>Archivos de encabezado</Filter>
    </ClInclude>
    <ClInclude Include="S.W.A.G\include\vendor\imGUI\rlImGui.h">
      <Filter>Archivos de encabezado</Filter>
    </ClInclude>
    <ClInclude Include="S.W.A.G\include\vendor\imGUI\rlImGuiColors.h">
      <Filter>Archivos de encabezado</Filter>
    </ClInclude>
    <ClInclude Include="S.W.A.G\include\World\World.h">
      <Filter>Archivos de encabezado</Filter>
    </ClInclude>
  </ItemGroup>
</Project>